
Microsoft Visual Studio Solution File, Format Version 12.00
# Visual Studio Version 17
VisualStudioVersion = 17.14.36109.1 d17.14
MinimumVisualStudioVersion = 10.0.40219.1
Project("{FAE04EC0-301F-11D3-BF4B-00C04F79EFBC}") = "API.MyRestaurant", "API.MyRestaurant\API.MyRestaurant.csproj", "{ADA59BF5-0311-49A0-A8D9-60A4828133D7}"
EndProject
Global
	GlobalSection(SolutionConfigurationPlatforms) = preSolution
		Debug|Any CPU = Debug|Any CPU
		Release|Any CPU = Release|Any CPU
	EndGlobalSection
	GlobalSection(ProjectConfigurationPlatforms) = postSolution
		{ADA59BF5-0311-49A0-A8D9-60A4828133D7}.Debug|Any CPU.ActiveCfg = Debug|Any CPU
		{ADA59BF5-0311-49A0-A8D9-60A4828133D7}.Debug|Any CPU.Build.0 = Debug|Any CPU
		{ADA59BF5-0311-49A0-A8D9-60A4828133D7}.Release|Any CPU.ActiveCfg = Release|Any CPU
		{ADA59BF5-0311-49A0-A8D9-60A4828133D7}.Release|Any CPU.Build.0 = Release|Any CPU
	EndGlobalSection
	GlobalSection(SolutionProperties) = preSolution
		HideSolutionNode = FALSE
	EndGlobalSection
	GlobalSection(ExtensibilityGlobals) = postSolution
		SolutionGuid = {1B4F88B5-F8DC-48ED-B8F0-37AB09AD11A7}
	EndGlobalSection
EndGlobal
